# This file is automatically @generated by Poetry 1.4.2 and should not be changed by hand.

[[package]]
name = "apispec"
version = "6.4.0"
description = "A pluggable API specification generator. Currently supports the OpenAPI Specification (f.k.a. the Swagger specification)."
category = "main"
optional = false
python-versions = ">=3.8"
files = [
    {file = "apispec-6.4.0-py3-none-any.whl", hash = "sha256:00ac876f1968d8e1624400c8571d2a2887edd3d6aa9d1a130efaafbdb49e85d7"},
    {file = "apispec-6.4.0.tar.gz", hash = "sha256:42b8a6833cf154c9dbd22d006b56bf9c49c972d32d24fe716fd734e0f6b739b8"},
]

[package.dependencies]
packaging = ">=21.3"

[package.extras]
dev = ["PyYAML (>=3.10)", "flake8 (==7.0.0)", "flake8-bugbear (==22.12.6)", "marshmallow (>=3.13.0)", "mypy (==1.8.0)", "openapi-spec-validator (==0.7.1)", "pre-commit (>=3.5,<4.0)", "pytest", "tox", "types-PyYAML"]
docs = ["marshmallow (>=3.13.0)", "pyyaml (==6.0.1)", "sphinx (==7.2.6)", "sphinx-issues (==3.0.1)", "sphinx-rtd-theme (==2.0.0)"]
lint = ["flake8 (==7.0.0)", "flake8-bugbear (==22.12.6)", "mypy (==1.8.0)", "pre-commit (>=3.5,<4.0)", "types-PyYAML"]
marshmallow = ["marshmallow (>=3.18.0)"]
tests = ["PyYAML (>=3.10)", "marshmallow (>=3.13.0)", "openapi-spec-validator (==0.7.1)", "pytest"]
yaml = ["PyYAML (>=3.10)"]

[[package]]
name = "asgiref"
version = "3.7.2"
description = "ASGI specs, helper code, and adapters"
category = "main"
optional = false
python-versions = ">=3.7"
files = [
    {file = "asgiref-3.7.2-py3-none-any.whl", hash = "sha256:89b2ef2247e3b562a16eef663bc0e2e703ec6468e2fa8a5cd61cd449786d4f6e"},
    {file = "asgiref-3.7.2.tar.gz", hash = "sha256:9e0ce3aa93a819ba5b45120216b23878cf6e8525eb3848653452b4192b92afed"},
]

[package.extras]
tests = ["mypy (>=0.800)", "pytest", "pytest-asyncio"]

[[package]]
name = "django"
version = "5.0.2"
description = "A high-level Python web framework that encourages rapid development and clean, pragmatic design."
category = "main"
optional = false
python-versions = ">=3.10"
files = [
    {file = "Django-5.0.2-py3-none-any.whl", hash = "sha256:56ab63a105e8bb06ee67381d7b65fe6774f057e41a8bab06c8020c8882d8ecd4"},
    {file = "Django-5.0.2.tar.gz", hash = "sha256:b5bb1d11b2518a5f91372a282f24662f58f66749666b0a286ab057029f728080"},
]

[package.dependencies]
asgiref = ">=3.7.0,<4"
sqlparse = ">=0.3.1"
tzdata = {version = "*", markers = "sys_platform == \"win32\""}

[package.extras]
argon2 = ["argon2-cffi (>=19.1.0)"]
bcrypt = ["bcrypt"]

[[package]]
name = "django-environ"
version = "0.11.2"
description = "A package that allows you to utilize 12factor inspired environment variables to configure your Django application."
category = "main"
optional = false
python-versions = ">=3.6,<4"
files = [
    {file = "django-environ-0.11.2.tar.gz", hash = "sha256:f32a87aa0899894c27d4e1776fa6b477e8164ed7f6b3e410a62a6d72caaf64be"},
    {file = "django_environ-0.11.2-py2.py3-none-any.whl", hash = "sha256:0ff95ab4344bfeff693836aa978e6840abef2e2f1145adff7735892711590c05"},
]

[package.extras]
develop = ["coverage[toml] (>=5.0a4)", "furo (>=2021.8.17b43,<2021.9.0)", "pytest (>=4.6.11)", "sphinx (>=3.5.0)", "sphinx-notfound-page"]
docs = ["furo (>=2021.8.17b43,<2021.9.0)", "sphinx (>=3.5.0)", "sphinx-notfound-page"]
testing = ["coverage[toml] (>=5.0a4)", "pytest (>=4.6.11)"]

[[package]]
name = "django-serializer"
version = "1.2.1"
description = "Library for creating simple django api"
category = "main"
optional = false
python-versions = "*"
files = [
    {file = "django-serializer-1.2.1.tar.gz", hash = "sha256:b05fcfb8d1038d7b87f3d39004c69fd0dcdc675e9e82b90d59893a50253c6b43"},
    {file = "django_serializer-1.2.1-py3-none-any.whl", hash = "sha256:18fec2fb7e2f886db621a5f733fd7b4e38f31a2e39a7bbfb6b068684aa97475f"},
]

[package.dependencies]
apispec = ">=5.1.1"
Django = ">=3.2"
marshmallow = ">=3.14.0"

[[package]]
name = "marshmallow"
version = "3.20.2"
description = "A lightweight library for converting complex datatypes to and from native Python datatypes."
category = "main"
optional = false
python-versions = ">=3.8"
files = [
    {file = "marshmallow-3.20.2-py3-none-any.whl", hash = "sha256:c21d4b98fee747c130e6bc8f45c4b3199ea66bc00c12ee1f639f0aeca034d5e9"},
    {file = "marshmallow-3.20.2.tar.gz", hash = "sha256:4c1daff273513dc5eb24b219a8035559dc573c8f322558ef85f5438ddd1236dd"},
]

[package.dependencies]
packaging = ">=17.0"

[package.extras]
dev = ["pre-commit (>=2.4,<4.0)", "pytest", "pytz", "simplejson", "tox"]
docs = ["alabaster (==0.7.15)", "autodocsumm (==0.2.12)", "sphinx (==7.2.6)", "sphinx-issues (==3.0.1)", "sphinx-version-warning (==1.1.2)"]
lint = ["pre-commit (>=2.4,<4.0)"]
tests = ["pytest", "pytz", "simplejson"]

[[package]]
name = "packaging"
version = "23.2"
description = "Core utilities for Python packages"
category = "main"
optional = false
python-versions = ">=3.7"
files = [
    {file = "packaging-23.2-py3-none-any.whl", hash = "sha256:8c491190033a9af7e1d931d0b5dacc2ef47509b34dd0de67ed209b5203fc88c7"},
    {file = "packaging-23.2.tar.gz", hash = "sha256:048fb0e9405036518eaaf48a55953c750c11e1a1b68e0dd1a9d62ed0c092cfc5"},
]

[[package]]
name = "psycopg2"
version = "2.9.9"
description = "psycopg2 - Python-PostgreSQL Database Adapter"
category = "main"
optional = false
python-versions = ">=3.7"
files = [
    {file = "psycopg2-2.9.9-cp310-cp310-win32.whl", hash = "sha256:38a8dcc6856f569068b47de286b472b7c473ac7977243593a288ebce0dc89516"},
    {file = "psycopg2-2.9.9-cp310-cp310-win_amd64.whl", hash = "sha256:426f9f29bde126913a20a96ff8ce7d73fd8a216cfb323b1f04da402d452853c3"},
    {file = "psycopg2-2.9.9-cp311-cp311-win32.whl", hash = "sha256:ade01303ccf7ae12c356a5e10911c9e1c51136003a9a1d92f7aa9d010fb98372"},
    {file = "psycopg2-2.9.9-cp311-cp311-win_amd64.whl", hash = "sha256:121081ea2e76729acfb0673ff33755e8703d45e926e416cb59bae3a86c6a4981"},
    {file = "psycopg2-2.9.9-cp312-cp312-win32.whl", hash = "sha256:d735786acc7dd25815e89cc4ad529a43af779db2e25aa7c626de864127e5a024"},
    {file = "psycopg2-2.9.9-cp312-cp312-win_amd64.whl", hash = "sha256:a7653d00b732afb6fc597e29c50ad28087dcb4fbfb28e86092277a559ae4e693"},
    {file = "psycopg2-2.9.9-cp37-cp37m-win32.whl", hash = "sha256:5e0d98cade4f0e0304d7d6f25bbfbc5bd186e07b38eac65379309c4ca3193efa"},
    {file = "psycopg2-2.9.9-cp37-cp37m-win_amd64.whl", hash = "sha256:7e2dacf8b009a1c1e843b5213a87f7c544b2b042476ed7755be813eaf4e8347a"},
    {file = "psycopg2-2.9.9-cp38-cp38-win32.whl", hash = "sha256:ff432630e510709564c01dafdbe996cb552e0b9f3f065eb89bdce5bd31fabf4c"},
    {file = "psycopg2-2.9.9-cp38-cp38-win_amd64.whl", hash = "sha256:bac58c024c9922c23550af2a581998624d6e02350f4ae9c5f0bc642c633a2d5e"},
    {file = "psycopg2-2.9.9-cp39-cp39-win32.whl", hash = "sha256:c92811b2d4c9b6ea0285942b2e7cac98a59e166d59c588fe5cfe1eda58e72d59"},
    {file = "psycopg2-2.9.9-cp39-cp39-win_amd64.whl", hash = "sha256:de80739447af31525feddeb8effd640782cf5998e1a4e9192ebdf829717e3913"},
    {file = "psycopg2-2.9.9.tar.gz", hash = "sha256:d1454bde93fb1e224166811694d600e746430c006fbb031ea06ecc2ea41bf156"},
]

[[package]]
name = "sqlparse"
version = "0.4.4"
description = "A non-validating SQL parser."
category = "main"
optional = false
python-versions = ">=3.5"
files = [
    {file = "sqlparse-0.4.4-py3-none-any.whl", hash = "sha256:5430a4fe2ac7d0f93e66f1efc6e1338a41884b7ddf2a350cedd20ccc4d9d28f3"},
    {file = "sqlparse-0.4.4.tar.gz", hash = "sha256:d446183e84b8349fa3061f0fe7f06ca94ba65b426946ffebe6e3e8295332420c"},
]

[package.extras]
dev = ["build", "flake8"]
doc = ["sphinx"]
test = ["pytest", "pytest-cov"]

[[package]]
name = "tzdata"
version = "2024.1"
description = "Provider of IANA time zone data"
category = "main"
optional = false
python-versions = ">=2"
files = [
    {file = "tzdata-2024.1-py2.py3-none-any.whl", hash = "sha256:9068bc196136463f5245e51efda838afa15aaeca9903f49050dfa2679db4d252"},
    {file = "tzdata-2024.1.tar.gz", hash = "sha256:2674120f8d891909751c38abcdfd386ac0a5a1127954fbc332af6b5ceae07efd"},
]

[metadata]
lock-version = "2.0"
python-versions = "^3.11"
content-hash = "6e045d25ba91432b5db1920e80da60dd81c9418496d144ae30f85d24a303b817"
